
Microsoft Visual Studio Solution File, Format Version 12.00
# Visual Studio Version 16
VisualStudioVersion = 16.0.31410.357
MinimumVisualStudioVersion = 10.0.40219.1
Project("{FAE04EC0-301F-11D3-BF4B-00C04F79EFBC}") = "EmployeeManagment", "EmployeeManagment\EmployeeManagment.csproj", "{78B6BB13-814B-407A-BD78-8E888018FE17}"
EndProject
Global
	GlobalSection(SolutionConfigurationPlatforms) = preSolution
		Debug|Any CPU = Debug|Any CPU
		Release|Any CPU = Release|Any CPU
	EndGlobalSection
	GlobalSection(ProjectConfigurationPlatforms) = postSolution
		{78B6BB13-814B-407A-BD78-8E888018FE17}.Debug|Any CPU.ActiveCfg = Debug|Any CPU
		{78B6BB13-814B-407A-BD78-8E888018FE17}.Debug|Any CPU.Build.0 = Debug|Any CPU
		{78B6BB13-814B-407A-BD78-8E888018FE17}.Release|Any CPU.ActiveCfg = Release|Any CPU
		{78B6BB13-814B-407A-BD78-8E888018FE17}.Release|Any CPU.Build.0 = Release|Any CPU
	EndGlobalSection
	GlobalSection(SolutionProperties) = preSolution
		HideSolutionNode = FALSE
	EndGlobalSection
	GlobalSection(ExtensibilityGlobals) = postSolution
		SolutionGuid = {56860BB6-04A3-4555-A2B1-99EA8BE6FCC4}
	EndGlobalSection
EndGlobal
